
Microsoft Visual Studio Solution File, Format Version 12.00
# Visual Studio Version 17
VisualStudioVersion = 17.1.32421.90
MinimumVisualStudioVersion = 10.0.40219.1
Project("{9A19103F-16F7-4668-BE54-9A1E7A4F7556}") = "PokeRESTe6", "PokeRESTe1\PokeRESTe6.csproj", "{951C85C0-C672-451A-B334-DEDCADB2E0C2}"
EndProject
Project("{9A19103F-16F7-4668-BE54-9A1E7A4F7556}") = "PokeRESTe2Tests", "PokeRESTe2Tests\PokeRESTe2Tests.csproj", "{0F914994-4F66-4AD2-B418-7B468AB40F90}"
EndProject
Global
	GlobalSection(SolutionConfigurationPlatforms) = preSolution
		Debug|Any CPU = Debug|Any CPU
		Release|Any CPU = Release|Any CPU
	EndGlobalSection
	GlobalSection(ProjectConfigurationPlatforms) = postSolution
		{951C85C0-C672-451A-B334-DEDCADB2E0C2}.Debug|Any CPU.ActiveCfg = Debug|Any CPU
		{951C85C0-C672-451A-B334-DEDCADB2E0C2}.Debug|Any CPU.Build.0 = Debug|Any CPU
		{951C85C0-C672-451A-B334-DEDCADB2E0C2}.Release|Any CPU.ActiveCfg = Release|Any CPU
		{951C85C0-C672-451A-B334-DEDCADB2E0C2}.Release|Any CPU.Build.0 = Release|Any CPU
		{0F914994-4F66-4AD2-B418-7B468AB40F90}.Debug|Any CPU.ActiveCfg = Debug|Any CPU
		{0F914994-4F66-4AD2-B418-7B468AB40F90}.Debug|Any CPU.Build.0 = Debug|Any CPU
		{0F914994-4F66-4AD2-B418-7B468AB40F90}.Release|Any CPU.ActiveCfg = Release|Any CPU
		{0F914994-4F66-4AD2-B418-7B468AB40F90}.Release|Any CPU.Build.0 = Release|Any CPU
	EndGlobalSection
	GlobalSection(SolutionProperties) = preSolution
		HideSolutionNode = FALSE
	EndGlobalSection
	GlobalSection(ExtensibilityGlobals) = postSolution
		SolutionGuid = {36ADCC51-1F25-4DA4-AAA8-A6027F58C3AC}
	EndGlobalSection
EndGlobal
